
Microsoft Visual Studio Solution File, Format Version 12.00
# Visual Studio Version 17
VisualStudioVersion = 17.12.35707.178
MinimumVisualStudioVersion = 10.0.40219.1
Project("{2150E333-8FDC-42A3-9474-1A3956D46DE8}") = "src", "src", "{6ED14B24-D91E-4A1E-A515-6E6F4FF7AECD}"
EndProject
Project("{2150E333-8FDC-42A3-9474-1A3956D46DE8}") = "Core", "Core", "{3CA15D4C-3418-4E00-A181-0CFBD9F4494E}"
EndProject
Project("{2150E333-8FDC-42A3-9474-1A3956D46DE8}") = "Infrastructure", "Infrastructure", "{6C1C0078-A300-4B47-A6CF-C1629F5F8FDC}"
EndProject
Project("{2150E333-8FDC-42A3-9474-1A3956D46DE8}") = "presentation", "presentation", "{D92B0DB2-6E54-4BAA-855B-14799CF2CD19}"
EndProject
Project("{9A19103F-16F7-4668-BE54-9A1E7A4F7556}") = "Restaurant.Domain", "src\Core\Restaurant.Domain\Restaurant.Domain.csproj", "{0541847A-CF4A-4731-90DD-CA5C01A6508E}"
EndProject
Project("{9A19103F-16F7-4668-BE54-9A1E7A4F7556}") = "Restaurant.Application", "src\Core\Restaurant.Application\Restaurant.Application.csproj", "{DEA714D4-4886-4E07-A7E6-5A69C7AFBF34}"
EndProject
Project("{9A19103F-16F7-4668-BE54-9A1E7A4F7556}") = "Restaurant.Infrastructure", "src\Infrastructure\Restaurant.Infrastructure\Restaurant.Infrastructure.csproj", "{BFDEB4E9-4206-4BCC-B289-2E573A5EDBD5}"
EndProject
Project("{9A19103F-16F7-4668-BE54-9A1E7A4F7556}") = "Restaurant.Persistence", "src\Infrastructure\Restaurant.Persistance\Restaurant.Persistence.csproj", "{7777DB3B-7F39-48A4-B145-87B767F57E87}"
EndProject
Project("{FAE04EC0-301F-11D3-BF4B-00C04F79EFBC}") = "Restaurant.API", "presentation\Restaurant.API\Restaurant.API.csproj", "{1F6633C8-1503-49D4-A987-3F39B37D0ECB}"
EndProject
Global
	GlobalSection(SolutionConfigurationPlatforms) = preSolution
		Debug|Any CPU = Debug|Any CPU
		Release|Any CPU = Release|Any CPU
	EndGlobalSection
	GlobalSection(ProjectConfigurationPlatforms) = postSolution
		{0541847A-CF4A-4731-90DD-CA5C01A6508E}.Debug|Any CPU.ActiveCfg = Debug|Any CPU
		{0541847A-CF4A-4731-90DD-CA5C01A6508E}.Debug|Any CPU.Build.0 = Debug|Any CPU
		{0541847A-CF4A-4731-90DD-CA5C01A6508E}.Release|Any CPU.ActiveCfg = Release|Any CPU
		{0541847A-CF4A-4731-90DD-CA5C01A6508E}.Release|Any CPU.Build.0 = Release|Any CPU
		{DEA714D4-4886-4E07-A7E6-5A69C7AFBF34}.Debug|Any CPU.ActiveCfg = Debug|Any CPU
		{DEA714D4-4886-4E07-A7E6-5A69C7AFBF34}.Debug|Any CPU.Build.0 = Debug|Any CPU
		{DEA714D4-4886-4E07-A7E6-5A69C7AFBF34}.Release|Any CPU.ActiveCfg = Release|Any CPU
		{DEA714D4-4886-4E07-A7E6-5A69C7AFBF34}.Release|Any CPU.Build.0 = Release|Any CPU
		{BFDEB4E9-4206-4BCC-B289-2E573A5EDBD5}.Debug|Any CPU.ActiveCfg = Debug|Any CPU
		{BFDEB4E9-4206-4BCC-B289-2E573A5EDBD5}.Debug|Any CPU.Build.0 = Debug|Any CPU
		{BFDEB4E9-4206-4BCC-B289-2E573A5EDBD5}.Release|Any CPU.ActiveCfg = Release|Any CPU
		{BFDEB4E9-4206-4BCC-B289-2E573A5EDBD5}.Release|Any CPU.Build.0 = Release|Any CPU
		{7777DB3B-7F39-48A4-B145-87B767F57E87}.Debug|Any CPU.ActiveCfg = Debug|Any CPU
		{7777DB3B-7F39-48A4-B145-87B767F57E87}.Debug|Any CPU.Build.0 = Debug|Any CPU
		{7777DB3B-7F39-48A4-B145-87B767F57E87}.Release|Any CPU.ActiveCfg = Release|Any CPU
		{7777DB3B-7F39-48A4-B145-87B767F57E87}.Release|Any CPU.Build.0 = Release|Any CPU
		{1F6633C8-1503-49D4-A987-3F39B37D0ECB}.Debug|Any CPU.ActiveCfg = Debug|Any CPU
		{1F6633C8-1503-49D4-A987-3F39B37D0ECB}.Debug|Any CPU.Build.0 = Debug|Any CPU
		{1F6633C8-1503-49D4-A987-3F39B37D0ECB}.Release|Any CPU.ActiveCfg = Release|Any CPU
		{1F6633C8-1503-49D4-A987-3F39B37D0ECB}.Release|Any CPU.Build.0 = Release|Any CPU
	EndGlobalSection
	GlobalSection(SolutionProperties) = preSolution
		HideSolutionNode = FALSE
	EndGlobalSection
	GlobalSection(NestedProjects) = preSolution
		{3CA15D4C-3418-4E00-A181-0CFBD9F4494E} = {6ED14B24-D91E-4A1E-A515-6E6F4FF7AECD}
		{6C1C0078-A300-4B47-A6CF-C1629F5F8FDC} = {6ED14B24-D91E-4A1E-A515-6E6F4FF7AECD}
		{0541847A-CF4A-4731-90DD-CA5C01A6508E} = {3CA15D4C-3418-4E00-A181-0CFBD9F4494E}
		{DEA714D4-4886-4E07-A7E6-5A69C7AFBF34} = {3CA15D4C-3418-4E00-A181-0CFBD9F4494E}
		{BFDEB4E9-4206-4BCC-B289-2E573A5EDBD5} = {6C1C0078-A300-4B47-A6CF-C1629F5F8FDC}
		{7777DB3B-7F39-48A4-B145-87B767F57E87} = {6C1C0078-A300-4B47-A6CF-C1629F5F8FDC}
		{1F6633C8-1503-49D4-A987-3F39B37D0ECB} = {D92B0DB2-6E54-4BAA-855B-14799CF2CD19}
	EndGlobalSection
EndGlobal
